<?xml version="1.0" encoding="utf-8"?>
<Project ToolsVersion="4.0" xmlns="http://schemas.microsoft.com/developer/msbuild/2003">
  <ItemGroup>
    <Filter Include="Source Files">
      <UniqueIdentifier>{4FC737F1-C7A5-4376-A066-2A32D752A2FF}</UniqueIdentifier>
      <Extensions>cpp;c;cc;cxx;def;odl;idl;hpj;bat;asm;asmx</Extensions>
    </Filter>
    <Filter Include="Header Files">
      <UniqueIdentifier>{93995380-89BD-4b04-88EB-625FBE52EBFB}</UniqueIdentifier>
      <Extensions>h;hpp;hxx;hm;inl;inc;xsd</Extensions>
    </Filter>
    <Filter Include="Resource Files">
      <UniqueIdentifier>{67DA6AB6-F800-4c08-8B7A-83BB121AAD01}</UniqueIdentifier>
      <Extensions>rc;ico;cur;bmp;dlg;rc2;rct;bin;rgs;gif;jpg;jpeg;jpe;resx;tiff;tif;png;wav;mfcribbon-ms</Extensions>
    </Filter>
    <Filter Include="Source Files\aruco">
      <UniqueIdentifier>{c891e256-16db-468c-ad7c-071e51ee4f44}</UniqueIdentifier>
    </Filter>
    <Filter Include="Source Files\sample">
      <UniqueIdentifier>{df4ed1d7-2e65-4c3b-b5d4-2c7cc225ceb0}</UniqueIdentifier>
    </Filter>
  </ItemGroup>
  <ItemGroup>
    <ClInclude Include="..\src\ar\aruco.h">
      <Filter>Source Files\aruco</Filter>
    </ClInclude>
    <ClInclude Include="..\src\ar\arucofidmarkers.h">
      <Filter>Source Files\aruco</Filter>
    </ClInclude>
    <ClInclude Include="..\src\ar\board.h">
      <Filter>Source Files\aruco</Filter>
    </ClInclude>
    <ClInclude Include="..\src\ar\boarddetector.h">
      <Filter>Source Files\aruco</Filter>
    </ClInclude>
    <ClInclude Include="..\src\ar\cameraparameters.h">
      <Filter>Source Files\aruco</Filter>
    </ClInclude>
    <ClInclude Include="..\src\ar\cvdrawingutils.h">
      <Filter>Source Files\aruco</Filter>
    </ClInclude>
    <ClInclude Include="..\src\ar\exports.h">
      <Filter>Source Files\aruco</Filter>
    </ClInclude>
    <ClInclude Include="..\src\ar\marker.h">
      <Filter>Source Files\aruco</Filter>
    </ClInclude>
    <ClInclude Include="..\src\ar\markerdetector.h">
      <Filter>Source Files\aruco</Filter>
    </ClInclude>
  </ItemGroup>
  <ItemGroup>
    <ClCompile Include="..\src\ar\arucofidmarkers.cpp">
      <Filter>Source Files\aruco</Filter>
    </ClCompile>
    <ClCompile Include="..\src\ar\board.cpp">
      <Filter>Source Files\aruco</Filter>
    </ClCompile>
    <ClCompile Include="..\src\ar\boarddetector.cpp">
      <Filter>Source Files\aruco</Filter>
    </ClCompile>
    <ClCompile Include="..\src\ar\cameraparameters.cpp">
      <Filter>Source Files\aruco</Filter>
    </ClCompile>
    <ClCompile Include="..\src\ar\cvdrawingutils.cpp">
      <Filter>Source Files\aruco</Filter>
    </ClCompile>
    <ClCompile Include="..\src\ar\marker.cpp">
      <Filter>Source Files\aruco</Filter>
    </ClCompile>
    <ClCompile Include="..\src\ar\markerdetector.cpp">
      <Filter>Source Files\aruco</Filter>
    </ClCompile>
    <ClCompile Include="..\src\ar\utils\aruco_test.cpp">
      <Filter>Source Files\sample</Filter>
    </ClCompile>
  </ItemGroup>
  <ItemGroup>
    <Text Include="..\src\ar\CMakeLists.txt">
      <Filter>Source Files\aruco</Filter>
    </Text>
  </ItemGroup>
</Project>